
Microsoft Visual Studio Solution File, Format Version 12.00
# Visual Studio Version 17
VisualStudioVersion = 17.4.33122.133
MinimumVisualStudioVersion = 10.0.40219.1
Project("{FAE04EC0-301F-11D3-BF4B-00C04F79EFBC}") = "WpfApp1", "WpfApp1.csproj", "{D7C33C3B-8861-4E06-9590-46749FB6AB02}"
EndProject
Global
	GlobalSection(SolutionConfigurationPlatforms) = preSolution
		Debug|Any CPU = Debug|Any CPU
		Release|Any CPU = Release|Any CPU
	EndGlobalSection
	GlobalSection(ProjectConfigurationPlatforms) = postSolution
		{D7C33C3B-8861-4E06-9590-46749FB6AB02}.Debug|Any CPU.ActiveCfg = Debug|Any CPU
		{D7C33C3B-8861-4E06-9590-46749FB6AB02}.Debug|Any CPU.Build.0 = Debug|Any CPU
		{D7C33C3B-8861-4E06-9590-46749FB6AB02}.Release|Any CPU.ActiveCfg = Release|Any CPU
		{D7C33C3B-8861-4E06-9590-46749FB6AB02}.Release|Any CPU.Build.0 = Release|Any CPU
	EndGlobalSection
	GlobalSection(SolutionProperties) = preSolution
		HideSolutionNode = FALSE
	EndGlobalSection
	GlobalSection(ExtensibilityGlobals) = postSolution
		SolutionGuid = {C5997643-A172-4AEE-96E4-9801C87C2723}
	EndGlobalSection
EndGlobal
